<?xml version="1.0" encoding="utf-8"?>
<Project ToolsVersion="4.0" xmlns="http://schemas.microsoft.com/developer/msbuild/2003">
  <ItemGroup>
    <Filter Include="Source Files">
      <UniqueIdentifier>{4FC737F1-C7A5-4376-A066-2A32D752A2FF}</UniqueIdentifier>
      <Extensions>cpp;c;cc;cxx;c++;cppm;ixx;def;odl;idl;hpj;bat;asm;asmx</Extensions>
    </Filter>
    <Filter Include="Header Files">
      <UniqueIdentifier>{93995380-89BD-4b04-88EB-625FBE52EBFB}</UniqueIdentifier>
      <Extensions>h;hh;hpp;hxx;h++;hm;inl;inc;ipp;xsd</Extensions>
    </Filter>
    <Filter Include="Resource Files">
      <UniqueIdentifier>{67DA6AB6-F800-4c08-8B7A-83BB121AAD01}</UniqueIdentifier>
      <Extensions>rc;ico;cur;bmp;dlg;rc2;rct;bin;rgs;gif;jpg;jpeg;jpe;resx;tiff;tif;png;wav;mfcribbon-ms</Extensions>
    </Filter>
    <Filter Include="Lithtech">
      <UniqueIdentifier>{28ccc067-b375-489f-935d-e020155f33c3}</UniqueIdentifier>
    </Filter>
    <Filter Include="Lithtech\1.0">
      <UniqueIdentifier>{3b697d50-e29f-476a-a03d-43d8b45739a6}</UniqueIdentifier>
    </Filter>
    <Filter Include="Lithtech\1.0\AppHeaders">
      <UniqueIdentifier>{10db21b0-2bc0-4d29-8287-2a62581d9d2f}</UniqueIdentifier>
    </Filter>
    <Filter Include="Lithtech\1.0\Impl">
      <UniqueIdentifier>{f6e91cb9-cd46-47c2-87ba-e3457ef24a2a}</UniqueIdentifier>
    </Filter>
    <Filter Include="Lithtech\1.0\Impl\classes">
      <UniqueIdentifier>{19927e4f-b13e-43e6-a57b-e5d611fb7a1a}</UniqueIdentifier>
    </Filter>
  </ItemGroup>
  <ItemGroup>
    <ClInclude Include="framework.h">
      <Filter>Header Files</Filter>
    </ClInclude>
    <ClInclude Include="pch.h">
      <Filter>Header Files</Filter>
    </ClInclude>
    <ClInclude Include="LT1\AppHeaders\aggregate_de.h">
      <Filter>Lithtech\1.0\AppHeaders</Filter>
    </ClInclude>
    <ClInclude Include="LT1\AppHeaders\basedefs_de.h">
      <Filter>Lithtech\1.0\AppHeaders</Filter>
    </ClInclude>
    <ClInclude Include="LT1\AppHeaders\basetypes_de.h">
      <Filter>Lithtech\1.0\AppHeaders</Filter>
    </ClInclude>
    <ClInclude Include="LT1\AppHeaders\client_de.h">
      <Filter>Lithtech\1.0\AppHeaders</Filter>
    </ClInclude>
    <ClInclude Include="LT1\AppHeaders\clientshell_de.h">
      <Filter>Lithtech\1.0\AppHeaders</Filter>
    </ClInclude>
    <ClInclude Include="LT1\AppHeaders\common_de.h">
      <Filter>Lithtech\1.0\AppHeaders</Filter>
    </ClInclude>
    <ClInclude Include="LT1\AppHeaders\cpp_aggregate_de.h">
      <Filter>Lithtech\1.0\AppHeaders</Filter>
    </ClInclude>
    <ClInclude Include="LT1\AppHeaders\cpp_client_de.h">
      <Filter>Lithtech\1.0\AppHeaders</Filter>
    </ClInclude>
    <ClInclude Include="LT1\AppHeaders\cpp_clientshell_de.h">
      <Filter>Lithtech\1.0\AppHeaders</Filter>
    </ClInclude>
    <ClInclude Include="LT1\AppHeaders\cpp_engineobjects_de.h">
      <Filter>Lithtech\1.0\AppHeaders</Filter>
    </ClInclude>
    <ClInclude Include="LT1\AppHeaders\cpp_server_de.h">
      <Filter>Lithtech\1.0\AppHeaders</Filter>
    </ClInclude>
    <ClInclude Include="LT1\AppHeaders\cpp_servershell_de.h">
      <Filter>Lithtech\1.0\AppHeaders</Filter>
    </ClInclude>
    <ClInclude Include="LT1\AppHeaders\CSBase.h">
      <Filter>Lithtech\1.0\AppHeaders</Filter>
    </ClInclude>
    <ClInclude Include="LT1\AppHeaders\de_client.h">
      <Filter>Lithtech\1.0\AppHeaders</Filter>
    </ClInclude>
    <ClInclude Include="LT1\AppHeaders\de_codes.h">
      <Filter>Lithtech\1.0\AppHeaders</Filter>
    </ClInclude>
    <ClInclude Include="LT1\AppHeaders\de_server.h">
      <Filter>Lithtech\1.0\AppHeaders</Filter>
    </ClInclude>
    <ClInclude Include="LT1\AppHeaders\dlink.h">
      <Filter>Lithtech\1.0\AppHeaders</Filter>
    </ClInclude>
    <ClInclude Include="LT1\AppHeaders\dstream.h">
      <Filter>Lithtech\1.0\AppHeaders</Filter>
    </ClInclude>
    <ClInclude Include="LT1\AppHeaders\DVector.h">
      <Filter>Lithtech\1.0\AppHeaders</Filter>
    </ClInclude>
    <ClInclude Include="LT1\AppHeaders\engineobjects_de.h">
      <Filter>Lithtech\1.0\AppHeaders</Filter>
    </ClInclude>
    <ClInclude Include="LT1\AppHeaders\generic_msg_de.h">
      <Filter>Lithtech\1.0\AppHeaders</Filter>
    </ClInclude>
    <ClInclude Include="LT1\AppHeaders\lmessage.h">
      <Filter>Lithtech\1.0\AppHeaders</Filter>
    </ClInclude>
    <ClInclude Include="LT1\AppHeaders\matrix_ops.h">
      <Filter>Lithtech\1.0\AppHeaders</Filter>
    </ClInclude>
    <ClInclude Include="LT1\AppHeaders\physics_lt.h">
      <Filter>Lithtech\1.0\AppHeaders</Filter>
    </ClInclude>
    <ClInclude Include="LT1\AppHeaders\server_de.h">
      <Filter>Lithtech\1.0\AppHeaders</Filter>
    </ClInclude>
    <ClInclude Include="LT1\AppHeaders\serverobj_de.h">
      <Filter>Lithtech\1.0\AppHeaders</Filter>
    </ClInclude>
    <ClInclude Include="LT1\AppHeaders\servershell_de.h">
      <Filter>Lithtech\1.0\AppHeaders</Filter>
    </ClInclude>
    <ClInclude Include="LT1\AppHeaders\specialeffect_de.h">
      <Filter>Lithtech\1.0\AppHeaders</Filter>
    </ClInclude>
    <ClInclude Include="client.h">
      <Filter>Lithtech\1.0\Impl</Filter>
    </ClInclude>
    <ClInclude Include="helpers.h">
      <Filter>Lithtech\1.0\Impl</Filter>
    </ClInclude>
    <ClInclude Include="server.h">
      <Filter>Lithtech\1.0\Impl</Filter>
    </ClInclude>
    <ClInclude Include="shared.h">
      <Filter>Lithtech\1.0\Impl</Filter>
    </ClInclude>
    <ClInclude Include="client_info.h">
      <Filter>Lithtech\1.0\Impl\classes</Filter>
    </ClInclude>
    <ClInclude Include="game_object.h">
      <Filter>Lithtech\1.0\Impl\classes</Filter>
    </ClInclude>
    <ClInclude Include="common.h">
      <Filter>Lithtech\1.0\Impl</Filter>
    </ClInclude>
  </ItemGroup>
  <ItemGroup>
    <ClCompile Include="dllmain.cpp">
      <Filter>Source Files</Filter>
    </ClCompile>
    <ClCompile Include="pch.cpp">
      <Filter>Source Files</Filter>
    </ClCompile>
    <ClCompile Include="godot_init.cpp">
      <Filter>Source Files</Filter>
    </ClCompile>
    <ClCompile Include="client.cpp">
      <Filter>Lithtech\1.0\Impl</Filter>
    </ClCompile>
    <ClCompile Include="client_impl.cpp">
      <Filter>Lithtech\1.0\Impl</Filter>
    </ClCompile>
    <ClCompile Include="client_render_impl.cpp">
      <Filter>Lithtech\1.0\Impl</Filter>
    </ClCompile>
    <ClCompile Include="helpers.cpp">
      <Filter>Lithtech\1.0\Impl</Filter>
    </ClCompile>
    <ClCompile Include="client_object_impl.cpp">
      <Filter>Lithtech\1.0\Impl</Filter>
    </ClCompile>
    <ClCompile Include="client_string_impl.cpp">
      <Filter>Lithtech\1.0\Impl</Filter>
    </ClCompile>
    <ClCompile Include="server.cpp">
      <Filter>Lithtech\1.0\Impl</Filter>
    </ClCompile>
    <ClCompile Include="server_impl.cpp">
      <Filter>Lithtech\1.0\Impl</Filter>
    </ClCompile>
    <ClCompile Include="shared.cpp">
      <Filter>Lithtech\1.0\Impl</Filter>
    </ClCompile>
    <ClCompile Include="shared_messaging.cpp">
      <Filter>Lithtech\1.0\Impl</Filter>
    </ClCompile>
    <ClCompile Include="client_info.cpp">
      <Filter>Lithtech\1.0\Impl\classes</Filter>
    </ClCompile>
    <ClCompile Include="game_object.cpp">
      <Filter>Lithtech\1.0\Impl\classes</Filter>
    </ClCompile>
    <ClCompile Include="LT1\AppHeaders\cpp_engineobjects_de.cpp">
      <Filter>Lithtech\1.0\AppHeaders</Filter>
    </ClCompile>
    <ClCompile Include="common.cpp">
      <Filter>Lithtech\1.0\Impl</Filter>
    </ClCompile>
  </ItemGroup>
</Project>